
Microsoft Visual Studio Solution File, Format Version 12.00
# Visual Studio Version 17
VisualStudioVersion = 17.5.002.0
MinimumVisualStudioVersion = 10.0.40219.1
Project("{9A19103F-16F7-4668-BE54-9A1E7A4F7556}") = "Catalago", "Catalago.csproj", "{2441346C-D414-4A1C-A9BF-FD89FABEFF91}"
EndProject
Global
	GlobalSection(SolutionConfigurationPlatforms) = preSolution
		Debug|Any CPU = Debug|Any CPU
		Release|Any CPU = Release|Any CPU
	EndGlobalSection
	GlobalSection(ProjectConfigurationPlatforms) = postSolution
		{2441346C-D414-4A1C-A9BF-FD89FABEFF91}.Debug|Any CPU.ActiveCfg = Debug|Any CPU
		{2441346C-D414-4A1C-A9BF-FD89FABEFF91}.Debug|Any CPU.Build.0 = Debug|Any CPU
		{2441346C-D414-4A1C-A9BF-FD89FABEFF91}.Release|Any CPU.ActiveCfg = Release|Any CPU
		{2441346C-D414-4A1C-A9BF-FD89FABEFF91}.Release|Any CPU.Build.0 = Release|Any CPU
	EndGlobalSection
	GlobalSection(SolutionProperties) = preSolution
		HideSolutionNode = FALSE
	EndGlobalSection
	GlobalSection(ExtensibilityGlobals) = postSolution
		SolutionGuid = {FBE7E2A9-2B4B-41B7-BD57-43746515B7B2}
	EndGlobalSection
EndGlobal
